
Microsoft Visual Studio Solution File, Format Version 12.00
# Visual Studio Version 16
VisualStudioVersion = 16.0.31129.286
MinimumVisualStudioVersion = 10.0.40219.1
Project("{9A19103F-16F7-4668-BE54-9A1E7A4F7556}") = "guestplayer-server", "guestplayer-server\guestplayer-server.csproj", "{7D27B831-DACF-4BBE-AD52-102F7C850E0F}"
EndProject
Project("{9A19103F-16F7-4668-BE54-9A1E7A4F7556}") = "Domain", "Domain\Domain.csproj", "{385A4FE5-98A2-45C7-BF09-E331380DF678}"
EndProject
Project("{9A19103F-16F7-4668-BE54-9A1E7A4F7556}") = "Spotify", "Spotify\Spotify.csproj", "{DD25480D-D6DD-4D61-911D-3560266401EA}"
	ProjectSection(ProjectDependencies) = postProject
		{385A4FE5-98A2-45C7-BF09-E331380DF678} = {385A4FE5-98A2-45C7-BF09-E331380DF678}
	EndProjectSection
EndProject
Project("{9A19103F-16F7-4668-BE54-9A1E7A4F7556}") = "Database", "Database\Database.csproj", "{B50C38B7-11FD-4B2C-9334-B168FFF030B5}"
EndProject
Project("{9A19103F-16F7-4668-BE54-9A1E7A4F7556}") = "Business", "Business\Business.csproj", "{C23C8CCA-6F04-46CD-BF7F-545CC495985D}"
EndProject
Project("{FAE04EC0-301F-11D3-BF4B-00C04F79EFBC}") = "Push", "Push\Push.csproj", "{DEC3D6A5-AAE3-41FC-87F2-6110240C29E5}"
EndProject
Global
	GlobalSection(SolutionConfigurationPlatforms) = preSolution
		Debug|Any CPU = Debug|Any CPU
		Release|Any CPU = Release|Any CPU
	EndGlobalSection
	GlobalSection(ProjectConfigurationPlatforms) = postSolution
		{7D27B831-DACF-4BBE-AD52-102F7C850E0F}.Debug|Any CPU.ActiveCfg = Debug|Any CPU
		{7D27B831-DACF-4BBE-AD52-102F7C850E0F}.Debug|Any CPU.Build.0 = Debug|Any CPU
		{7D27B831-DACF-4BBE-AD52-102F7C850E0F}.Release|Any CPU.ActiveCfg = Release|Any CPU
		{7D27B831-DACF-4BBE-AD52-102F7C850E0F}.Release|Any CPU.Build.0 = Release|Any CPU
		{385A4FE5-98A2-45C7-BF09-E331380DF678}.Debug|Any CPU.ActiveCfg = Debug|Any CPU
		{385A4FE5-98A2-45C7-BF09-E331380DF678}.Debug|Any CPU.Build.0 = Debug|Any CPU
		{385A4FE5-98A2-45C7-BF09-E331380DF678}.Release|Any CPU.ActiveCfg = Release|Any CPU
		{385A4FE5-98A2-45C7-BF09-E331380DF678}.Release|Any CPU.Build.0 = Release|Any CPU
		{DD25480D-D6DD-4D61-911D-3560266401EA}.Debug|Any CPU.ActiveCfg = Debug|Any CPU
		{DD25480D-D6DD-4D61-911D-3560266401EA}.Debug|Any CPU.Build.0 = Debug|Any CPU
		{DD25480D-D6DD-4D61-911D-3560266401EA}.Release|Any CPU.ActiveCfg = Release|Any CPU
		{DD25480D-D6DD-4D61-911D-3560266401EA}.Release|Any CPU.Build.0 = Release|Any CPU
		{B50C38B7-11FD-4B2C-9334-B168FFF030B5}.Debug|Any CPU.ActiveCfg = Debug|Any CPU
		{B50C38B7-11FD-4B2C-9334-B168FFF030B5}.Debug|Any CPU.Build.0 = Debug|Any CPU
		{B50C38B7-11FD-4B2C-9334-B168FFF030B5}.Release|Any CPU.ActiveCfg = Release|Any CPU
		{B50C38B7-11FD-4B2C-9334-B168FFF030B5}.Release|Any CPU.Build.0 = Release|Any CPU
		{C23C8CCA-6F04-46CD-BF7F-545CC495985D}.Debug|Any CPU.ActiveCfg = Debug|Any CPU
		{C23C8CCA-6F04-46CD-BF7F-545CC495985D}.Debug|Any CPU.Build.0 = Debug|Any CPU
		{C23C8CCA-6F04-46CD-BF7F-545CC495985D}.Release|Any CPU.ActiveCfg = Release|Any CPU
		{C23C8CCA-6F04-46CD-BF7F-545CC495985D}.Release|Any CPU.Build.0 = Release|Any CPU
		{DEC3D6A5-AAE3-41FC-87F2-6110240C29E5}.Debug|Any CPU.ActiveCfg = Debug|Any CPU
		{DEC3D6A5-AAE3-41FC-87F2-6110240C29E5}.Debug|Any CPU.Build.0 = Debug|Any CPU
		{DEC3D6A5-AAE3-41FC-87F2-6110240C29E5}.Release|Any CPU.ActiveCfg = Release|Any CPU
		{DEC3D6A5-AAE3-41FC-87F2-6110240C29E5}.Release|Any CPU.Build.0 = Release|Any CPU
	EndGlobalSection
	GlobalSection(SolutionProperties) = preSolution
		HideSolutionNode = FALSE
	EndGlobalSection
	GlobalSection(ExtensibilityGlobals) = postSolution
		SolutionGuid = {40F20B06-5628-45FF-9C87-178D9B3A6588}
	EndGlobalSection
EndGlobal
