{
  "version": 4,
  "terraform_version": "0.15.3",
  "serial": 106,
  "lineage": "ef25d972-33f6-4ef5-feb2-d1ed2095026f",
  "outputs": {},
  "resources": [
    {
      "mode": "data",
      "type": "azurerm_client_config",
      "name": "current",
      "provider": "provider[\"registry.terraform.io/hashicorp/azurerm\"]",
      "instances": [
        {
          "schema_version": 0,
          "attributes": {
            "client_id": "04b07795-8ddb-461a-bbee-02f9e1bf7b46",
            "id": "2021-05-24 20:14:53.0706959 +0000 UTC",
            "object_id": "c97afe04-3da1-4ef0-bb15-f5f594e0aedc",
            "subscription_id": "b3ad533a-7660-4693-aecf-08c4492e2565",
            "tenant_id": "e0cda0d7-ce87-4496-967e-b0e07372ce02",
            "timeouts": null
          },
          "sensitive_attributes": []
        }
      ]
    },
    {
      "mode": "data",
      "type": "azurerm_public_ip",
      "name": "ip",
      "provider": "provider[\"registry.terraform.io/hashicorp/azurerm\"]",
      "instances": [
        {
          "schema_version": 0,
          "attributes": {
            "allocation_method": "Static",
            "domain_name_label": "guestplayer-dev",
            "fqdn": "guestplayer-dev.uksouth.cloudapp.azure.com",
            "id": "/subscriptions/b3ad533a-7660-4693-aecf-08c4492e2565/resourceGroups/guestplayerResourceGroup/providers/Microsoft.Network/publicIPAddresses/guestplayerPublicIp",
            "idle_timeout_in_minutes": 4,
            "ip_address": "20.90.84.63",
            "ip_tags": {},
            "ip_version": "IPv4",
            "location": "uksouth",
            "name": "guestplayerPublicIp",
            "resource_group_name": "guestplayerResourceGroup",
            "reverse_fqdn": "",
            "sku": "Basic",
            "tags": {},
            "timeouts": null,
            "zones": []
          },
          "sensitive_attributes": []
        }
      ]
    },
    {
      "mode": "data",
      "type": "azurerm_subscription",
      "name": "primary",
      "provider": "provider[\"registry.terraform.io/hashicorp/azurerm\"]",
      "instances": [
        {
          "schema_version": 0,
          "attributes": {
            "display_name": "Azure subscription 1",
            "id": "/subscriptions/b3ad533a-7660-4693-aecf-08c4492e2565",
            "location_placement_id": "Public_2014-09-01",
            "quota_id": "PayAsYouGo_2014-09-01",
            "spending_limit": "Off",
            "state": "Enabled",
            "subscription_id": "b3ad533a-7660-4693-aecf-08c4492e2565",
            "tags": {},
            "tenant_id": "e0cda0d7-ce87-4496-967e-b0e07372ce02",
            "timeouts": null
          },
          "sensitive_attributes": []
        }
      ]
    },
    {
      "mode": "managed",
      "type": "azurerm_cosmosdb_account",
      "name": "cdbAccount",
      "provider": "provider[\"registry.terraform.io/hashicorp/azurerm\"]",
      "instances": [
        {
          "schema_version": 0,
          "attributes": {
            "access_key_metadata_writes_enabled": true,
            "analytical_storage_enabled": false,
            "backup": [
              {
                "interval_in_minutes": 240,
                "retention_in_hours": 8,
                "type": "Periodic"
              }
            ],
            "capabilities": [],
            "connection_strings": [
              "AccountEndpoint=https://cameront-guestplayer.documents.azure.com:443/;AccountKey=8JTxbWaKfZsIu5Cc8uj5mziU0Nczqxxngdy91GUakUm3cZrROaVK0y6EpHFy4UZPmFN8gexZw4AkCp964DV2Fg==;",
              "AccountEndpoint=https://cameront-guestplayer.documents.azure.com:443/;AccountKey=crh17Mmnsc4368SvM56OhZJeWHwFGw3SbrWBJzYNN0nKcpfaK6aweyRNEmSc2k7aZgvU2xLtK2RjlHo8YtWdFA==;",
              "AccountEndpoint=https://cameront-guestplayer.documents.azure.com:443/;AccountKey=zoB0fsEoI1lhtFNce9krag12d20iFN1yiPUhyOg9EYE5Qr4tqjJgZvLwknvoeVtM12LUrrSF593AaiRfVDj3rw==;",
              "AccountEndpoint=https://cameront-guestplayer.documents.azure.com:443/;AccountKey=eRPmL3GAImFMEvk93IpmMa0jHx9D5yl4IwjmQP5gPVnT6ozWaUIDoiVz9hz9uQFQdC1suYhvg3MKQsQoY2p7Ag==;"
            ],
            "consistency_policy": [
              {
                "consistency_level": "Strong",
                "max_interval_in_seconds": 5,
                "max_staleness_prefix": 100
              }
            ],
            "cors_rule": [],
            "enable_automatic_failover": false,
            "enable_free_tier": true,
            "enable_multiple_write_locations": false,
            "endpoint": "https://cameront-guestplayer.documents.azure.com:443/",
            "geo_location": [
              {
                "failover_priority": 0,
                "id": "cameront-guestplayer-uksouth",
                "location": "uksouth",
                "prefix": "",
                "zone_redundant": false
              }
            ],
            "id": "/subscriptions/b3ad533a-7660-4693-aecf-08c4492e2565/resourceGroups/guestplayerResourceGroup/providers/Microsoft.DocumentDB/databaseAccounts/cameront-guestplayer",
            "identity": [
              {
                "principal_id": "a8de0c17-7d14-46de-9835-aa433203ba42",
                "tenant_id": "e0cda0d7-ce87-4496-967e-b0e07372ce02",
                "type": "SystemAssigned"
              }
            ],
            "ip_range_filter": "",
            "is_virtual_network_filter_enabled": false,
            "key_vault_key_id": null,
            "kind": "GlobalDocumentDB",
            "location": "uksouth",
            "mongo_server_version": null,
            "name": "cameront-guestplayer",
            "network_acl_bypass_for_azure_services": false,
            "network_acl_bypass_ids": [],
            "offer_type": "Standard",
            "primary_key": "8JTxbWaKfZsIu5Cc8uj5mziU0Nczqxxngdy91GUakUm3cZrROaVK0y6EpHFy4UZPmFN8gexZw4AkCp964DV2Fg==",
            "primary_master_key": "8JTxbWaKfZsIu5Cc8uj5mziU0Nczqxxngdy91GUakUm3cZrROaVK0y6EpHFy4UZPmFN8gexZw4AkCp964DV2Fg==",
            "primary_readonly_key": "zoB0fsEoI1lhtFNce9krag12d20iFN1yiPUhyOg9EYE5Qr4tqjJgZvLwknvoeVtM12LUrrSF593AaiRfVDj3rw==",
            "primary_readonly_master_key": "zoB0fsEoI1lhtFNce9krag12d20iFN1yiPUhyOg9EYE5Qr4tqjJgZvLwknvoeVtM12LUrrSF593AaiRfVDj3rw==",
            "public_network_access_enabled": true,
            "read_endpoints": [
              "https://cameront-guestplayer-uksouth.documents.azure.com:443/"
            ],
            "resource_group_name": "guestplayerResourceGroup",
            "secondary_key": "crh17Mmnsc4368SvM56OhZJeWHwFGw3SbrWBJzYNN0nKcpfaK6aweyRNEmSc2k7aZgvU2xLtK2RjlHo8YtWdFA==",
            "secondary_master_key": "crh17Mmnsc4368SvM56OhZJeWHwFGw3SbrWBJzYNN0nKcpfaK6aweyRNEmSc2k7aZgvU2xLtK2RjlHo8YtWdFA==",
            "secondary_readonly_key": "eRPmL3GAImFMEvk93IpmMa0jHx9D5yl4IwjmQP5gPVnT6ozWaUIDoiVz9hz9uQFQdC1suYhvg3MKQsQoY2p7Ag==",
            "secondary_readonly_master_key": "eRPmL3GAImFMEvk93IpmMa0jHx9D5yl4IwjmQP5gPVnT6ozWaUIDoiVz9hz9uQFQdC1suYhvg3MKQsQoY2p7Ag==",
            "tags": {},
            "timeouts": null,
            "virtual_network_rule": [],
            "write_endpoints": [
              "https://cameront-guestplayer-uksouth.documents.azure.com:443/"
            ]
          },
          "sensitive_attributes": [],
          "private": "eyJlMmJmYjczMC1lY2FhLTExZTYtOGY4OC0zNDM2M2JjN2M0YzAiOnsiY3JlYXRlIjoxMDgwMDAwMDAwMDAwMCwiZGVsZXRlIjoxMDgwMDAwMDAwMDAwMCwicmVhZCI6MzAwMDAwMDAwMDAwLCJ1cGRhdGUiOjEwODAwMDAwMDAwMDAwfX0=",
          "dependencies": [
            "azurerm_resource_group.rg"
          ]
        }
      ]
    },
    {
      "mode": "managed",
      "type": "azurerm_cosmosdb_sql_container",
      "name": "cdbContainerParty",
      "provider": "provider[\"registry.terraform.io/hashicorp/azurerm\"]",
      "instances": [
        {
          "schema_version": 1,
          "attributes": {
            "account_name": "cameront-guestplayer",
            "analytical_storage_ttl": null,
            "autoscale_settings": [],
            "conflict_resolution_policy": [
              {
                "conflict_resolution_path": "/_ts",
                "conflict_resolution_procedure": "",
                "mode": "LastWriterWins"
              }
            ],
            "database_name": "guestplayer",
            "default_ttl": null,
            "id": "/subscriptions/b3ad533a-7660-4693-aecf-08c4492e2565/resourceGroups/guestplayerResourceGroup/providers/Microsoft.DocumentDB/databaseAccounts/cameront-guestplayer/sqlDatabases/guestplayer/containers/party",
            "indexing_policy": [
              {
                "composite_index": [],
                "excluded_path": [],
                "included_path": [
                  {
                    "path": "/*"
                  }
                ],
                "indexing_mode": "Consistent"
              }
            ],
            "name": "party",
            "partition_key_path": "/partyId",
            "partition_key_version": 1,
            "resource_group_name": "guestplayerResourceGroup",
            "throughput": 400,
            "timeouts": null,
            "unique_key": []
          },
          "sensitive_attributes": [],
          "private": "eyJlMmJmYjczMC1lY2FhLTExZTYtOGY4OC0zNDM2M2JjN2M0YzAiOnsiY3JlYXRlIjoxODAwMDAwMDAwMDAwLCJkZWxldGUiOjE4MDAwMDAwMDAwMDAsInJlYWQiOjMwMDAwMDAwMDAwMCwidXBkYXRlIjoxODAwMDAwMDAwMDAwfSwic2NoZW1hX3ZlcnNpb24iOiIxIn0=",
          "dependencies": [
            "azurerm_cosmosdb_account.cdbAccount",
            "azurerm_cosmosdb_sql_database.cdbDatabase",
            "azurerm_resource_group.rg"
          ]
        }
      ]
    },
    {
      "mode": "managed",
      "type": "azurerm_cosmosdb_sql_database",
      "name": "cdbDatabase",
      "provider": "provider[\"registry.terraform.io/hashicorp/azurerm\"]",
      "instances": [
        {
          "schema_version": 1,
          "attributes": {
            "account_name": "cameront-guestplayer",
            "autoscale_settings": [],
            "id": "/subscriptions/b3ad533a-7660-4693-aecf-08c4492e2565/resourceGroups/guestplayerResourceGroup/providers/Microsoft.DocumentDB/databaseAccounts/cameront-guestplayer/sqlDatabases/guestplayer",
            "name": "guestplayer",
            "resource_group_name": "guestplayerResourceGroup",
            "throughput": 400,
            "timeouts": null
          },
          "sensitive_attributes": [],
          "private": "eyJlMmJmYjczMC1lY2FhLTExZTYtOGY4OC0zNDM2M2JjN2M0YzAiOnsiY3JlYXRlIjoxODAwMDAwMDAwMDAwLCJkZWxldGUiOjE4MDAwMDAwMDAwMDAsInJlYWQiOjMwMDAwMDAwMDAwMCwidXBkYXRlIjoxODAwMDAwMDAwMDAwfSwic2NoZW1hX3ZlcnNpb24iOiIxIn0=",
          "dependencies": [
            "azurerm_cosmosdb_account.cdbAccount",
            "azurerm_resource_group.rg"
          ]
        }
      ]
    },
    {
      "mode": "managed",
      "type": "azurerm_key_vault",
      "name": "kv",
      "provider": "provider[\"registry.terraform.io/hashicorp/azurerm\"]",
      "instances": [
        {
          "schema_version": 2,
          "attributes": {
            "access_policy": [
              {
                "application_id": "",
                "certificate_permissions": [],
                "key_permissions": [],
                "object_id": "c97afe04-3da1-4ef0-bb15-f5f594e0aedc",
                "secret_permissions": [
                  "Get",
                  "Delete",
                  "List",
                  "Set"
                ],
                "storage_permissions": [],
                "tenant_id": "e0cda0d7-ce87-4496-967e-b0e07372ce02"
              },
              {
                "application_id": "",
                "certificate_permissions": [],
                "key_permissions": [],
                "object_id": "40588b13-6edc-464c-8cc3-e4a75a558e67",
                "secret_permissions": [
                  "Get",
                  "List"
                ],
                "storage_permissions": [],
                "tenant_id": "e0cda0d7-ce87-4496-967e-b0e07372ce02"
              }
            ],
            "contact": [],
            "enable_rbac_authorization": false,
            "enabled_for_deployment": false,
            "enabled_for_disk_encryption": false,
            "enabled_for_template_deployment": false,
            "id": "/subscriptions/b3ad533a-7660-4693-aecf-08c4492e2565/resourceGroups/guestplayerResourceGroup/providers/Microsoft.KeyVault/vaults/guestplayerKeyVault",
            "location": "uksouth",
            "name": "guestplayerKeyVault",
            "network_acls": [
              {
                "bypass": "AzureServices",
                "default_action": "Allow",
                "ip_rules": [],
                "virtual_network_subnet_ids": []
              }
            ],
            "purge_protection_enabled": false,
            "resource_group_name": "guestplayerResourceGroup",
            "sku_name": "standard",
            "soft_delete_enabled": true,
            "soft_delete_retention_days": 7,
            "tags": {},
            "tenant_id": "e0cda0d7-ce87-4496-967e-b0e07372ce02",
            "timeouts": null,
            "vault_uri": "https://guestplayerkeyvault.vault.azure.net/"
          },
          "sensitive_attributes": [],
          "private": "eyJlMmJmYjczMC1lY2FhLTExZTYtOGY4OC0zNDM2M2JjN2M0YzAiOnsiY3JlYXRlIjoxODAwMDAwMDAwMDAwLCJkZWxldGUiOjE4MDAwMDAwMDAwMDAsInJlYWQiOjMwMDAwMDAwMDAwMCwidXBkYXRlIjoxODAwMDAwMDAwMDAwfSwic2NoZW1hX3ZlcnNpb24iOiIyIn0=",
          "dependencies": [
            "azurerm_virtual_network.vnet",
            "azurerm_windows_virtual_machine.vm",
            "data.azurerm_client_config.current",
            "azurerm_network_interface.nic",
            "azurerm_public_ip.publicip",
            "azurerm_resource_group.rg",
            "azurerm_subnet.subnet"
          ]
        }
      ]
    },
    {
      "mode": "managed",
      "type": "azurerm_network_interface",
      "name": "nic",
      "provider": "provider[\"registry.terraform.io/hashicorp/azurerm\"]",
      "instances": [
        {
          "schema_version": 0,
          "attributes": {
            "applied_dns_servers": [],
            "dns_servers": [],
            "enable_accelerated_networking": false,
            "enable_ip_forwarding": false,
            "id": "/subscriptions/b3ad533a-7660-4693-aecf-08c4492e2565/resourceGroups/guestplayerResourceGroup/providers/Microsoft.Network/networkInterfaces/geustPlayerVmNic",
            "internal_dns_name_label": "",
            "internal_domain_name_suffix": "o2naafnepf4etoz01odu01qr3f.zx.internal.cloudapp.net",
            "ip_configuration": [
              {
                "name": "guestPlayerNicConfig",
                "primary": true,
                "private_ip_address": "10.0.1.4",
                "private_ip_address_allocation": "Dynamic",
                "private_ip_address_version": "IPv4",
                "public_ip_address_id": "/subscriptions/b3ad533a-7660-4693-aecf-08c4492e2565/resourceGroups/guestplayerResourceGroup/providers/Microsoft.Network/publicIPAddresses/guestplayerPublicIp",
                "subnet_id": "/subscriptions/b3ad533a-7660-4693-aecf-08c4492e2565/resourceGroups/guestplayerResourceGroup/providers/Microsoft.Network/virtualNetworks/example-network/subnets/myTFSubnet"
              }
            ],
            "location": "uksouth",
            "mac_address": "00-22-48-41-73-67",
            "name": "geustPlayerVmNic",
            "private_ip_address": "10.0.1.4",
            "private_ip_addresses": [
              "10.0.1.4"
            ],
            "resource_group_name": "guestplayerResourceGroup",
            "tags": {},
            "timeouts": null,
            "virtual_machine_id": "/subscriptions/b3ad533a-7660-4693-aecf-08c4492e2565/resourceGroups/guestplayerResourceGroup/providers/Microsoft.Compute/virtualMachines/guestPlayerVm"
          },
          "sensitive_attributes": [],
          "private": "eyJlMmJmYjczMC1lY2FhLTExZTYtOGY4OC0zNDM2M2JjN2M0YzAiOnsiY3JlYXRlIjoxODAwMDAwMDAwMDAwLCJkZWxldGUiOjE4MDAwMDAwMDAwMDAsInJlYWQiOjMwMDAwMDAwMDAwMCwidXBkYXRlIjoxODAwMDAwMDAwMDAwfX0=",
          "dependencies": [
            "azurerm_resource_group.rg",
            "azurerm_subnet.subnet",
            "azurerm_virtual_network.vnet",
            "azurerm_public_ip.publicip"
          ]
        }
      ]
    },
    {
      "mode": "managed",
      "type": "azurerm_network_security_group",
      "name": "nsg",
      "provider": "provider[\"registry.terraform.io/hashicorp/azurerm\"]",
      "instances": [
        {
          "schema_version": 0,
          "attributes": {
            "id": "/subscriptions/b3ad533a-7660-4693-aecf-08c4492e2565/resourceGroups/guestplayerResourceGroup/providers/Microsoft.Network/networkSecurityGroups/guestPlayerVmSecurityGroup",
            "location": "uksouth",
            "name": "guestPlayerVmSecurityGroup",
            "resource_group_name": "guestplayerResourceGroup",
            "security_rule": [
              {
                "access": "Allow",
                "description": "",
                "destination_address_prefix": "*",
                "destination_address_prefixes": [],
                "destination_application_security_group_ids": [],
                "destination_port_range": "3389",
                "destination_port_ranges": [],
                "direction": "Inbound",
                "name": "RDP",
                "priority": 1001,
                "protocol": "Tcp",
                "source_address_prefix": "*",
                "source_address_prefixes": [],
                "source_application_security_group_ids": [],
                "source_port_range": "*",
                "source_port_ranges": []
              },
              {
                "access": "Allow",
                "description": "",
                "destination_address_prefix": "*",
                "destination_address_prefixes": [],
                "destination_application_security_group_ids": [],
                "destination_port_range": "443",
                "destination_port_ranges": [],
                "direction": "Inbound",
                "name": "HTTPS",
                "priority": 999,
                "protocol": "Tcp",
                "source_address_prefix": "*",
                "source_address_prefixes": [],
                "source_application_security_group_ids": [],
                "source_port_range": "*",
                "source_port_ranges": []
              },
              {
                "access": "Allow",
                "description": "",
                "destination_address_prefix": "*",
                "destination_address_prefixes": [],
                "destination_application_security_group_ids": [],
                "destination_port_range": "80",
                "destination_port_ranges": [],
                "direction": "Inbound",
                "name": "HTTP",
                "priority": 1000,
                "protocol": "Tcp",
                "source_address_prefix": "*",
                "source_address_prefixes": [],
                "source_application_security_group_ids": [],
                "source_port_range": "*",
                "source_port_ranges": []
              },
              {
                "access": "Allow",
                "description": "",
                "destination_address_prefix": "*",
                "destination_address_prefixes": [],
                "destination_application_security_group_ids": [],
                "destination_port_range": "8172",
                "destination_port_ranges": [],
                "direction": "Inbound",
                "name": "WebDeploy",
                "priority": 998,
                "protocol": "*",
                "source_address_prefix": "*",
                "source_address_prefixes": [],
                "source_application_security_group_ids": [],
                "source_port_range": "*",
                "source_port_ranges": []
              }
            ],
            "tags": {},
            "timeouts": null
          },
          "sensitive_attributes": [],
          "private": "eyJlMmJmYjczMC1lY2FhLTExZTYtOGY4OC0zNDM2M2JjN2M0YzAiOnsiY3JlYXRlIjoxODAwMDAwMDAwMDAwLCJkZWxldGUiOjE4MDAwMDAwMDAwMDAsInJlYWQiOjMwMDAwMDAwMDAwMCwidXBkYXRlIjoxODAwMDAwMDAwMDAwfX0=",
          "dependencies": [
            "azurerm_resource_group.rg"
          ]
        }
      ]
    },
    {
      "mode": "managed",
      "type": "azurerm_public_ip",
      "name": "publicip",
      "provider": "provider[\"registry.terraform.io/hashicorp/azurerm\"]",
      "instances": [
        {
          "schema_version": 0,
          "attributes": {
            "allocation_method": "Static",
            "domain_name_label": "guestplayer-dev",
            "fqdn": "guestplayer-dev.uksouth.cloudapp.azure.com",
            "id": "/subscriptions/b3ad533a-7660-4693-aecf-08c4492e2565/resourceGroups/guestplayerResourceGroup/providers/Microsoft.Network/publicIPAddresses/guestplayerPublicIp",
            "idle_timeout_in_minutes": 4,
            "ip_address": "20.90.84.63",
            "ip_tags": {},
            "ip_version": "IPv4",
            "location": "uksouth",
            "name": "guestplayerPublicIp",
            "public_ip_prefix_id": null,
            "resource_group_name": "guestplayerResourceGroup",
            "reverse_fqdn": "",
            "sku": "Basic",
            "tags": {},
            "timeouts": null,
            "zones": []
          },
          "sensitive_attributes": [],
          "private": "eyJlMmJmYjczMC1lY2FhLTExZTYtOGY4OC0zNDM2M2JjN2M0YzAiOnsiY3JlYXRlIjoxODAwMDAwMDAwMDAwLCJkZWxldGUiOjE4MDAwMDAwMDAwMDAsInJlYWQiOjMwMDAwMDAwMDAwMCwidXBkYXRlIjoxODAwMDAwMDAwMDAwfX0=",
          "dependencies": [
            "azurerm_resource_group.rg"
          ]
        }
      ]
    },
    {
      "mode": "managed",
      "type": "azurerm_resource_group",
      "name": "rg",
      "provider": "provider[\"registry.terraform.io/hashicorp/azurerm\"]",
      "instances": [
        {
          "schema_version": 0,
          "attributes": {
            "id": "/subscriptions/b3ad533a-7660-4693-aecf-08c4492e2565/resourceGroups/guestplayerResourceGroup",
            "location": "uksouth",
            "name": "guestplayerResourceGroup",
            "tags": {},
            "timeouts": null
          },
          "sensitive_attributes": [],
          "private": "eyJlMmJmYjczMC1lY2FhLTExZTYtOGY4OC0zNDM2M2JjN2M0YzAiOnsiY3JlYXRlIjo1NDAwMDAwMDAwMDAwLCJkZWxldGUiOjU0MDAwMDAwMDAwMDAsInJlYWQiOjMwMDAwMDAwMDAwMCwidXBkYXRlIjo1NDAwMDAwMDAwMDAwfX0="
        }
      ]
    },
    {
      "mode": "managed",
      "type": "azurerm_role_assignment",
      "name": "storageAccountOwner",
      "provider": "provider[\"registry.terraform.io/hashicorp/azurerm\"]",
      "instances": [
        {
          "schema_version": 0,
          "attributes": {
            "condition": "",
            "condition_version": "",
            "description": "",
            "id": "/subscriptions/b3ad533a-7660-4693-aecf-08c4492e2565/providers/Microsoft.Authorization/roleAssignments/83801d67-7bf8-93b9-4b0d-12236b1065f8",
            "name": "83801d67-7bf8-93b9-4b0d-12236b1065f8",
            "principal_id": "c97afe04-3da1-4ef0-bb15-f5f594e0aedc",
            "principal_type": "User",
            "role_definition_id": "/subscriptions/b3ad533a-7660-4693-aecf-08c4492e2565/providers/Microsoft.Authorization/roleDefinitions/b7e6dc6d-f1e8-4753-8033-0f276bb0955b",
            "role_definition_name": "Storage Blob Data Owner",
            "scope": "/subscriptions/b3ad533a-7660-4693-aecf-08c4492e2565",
            "skip_service_principal_aad_check": null,
            "timeouts": null
          },
          "sensitive_attributes": [],
          "private": "eyJlMmJmYjczMC1lY2FhLTExZTYtOGY4OC0zNDM2M2JjN2M0YzAiOnsiY3JlYXRlIjoxODAwMDAwMDAwMDAwLCJkZWxldGUiOjE4MDAwMDAwMDAwMDAsInJlYWQiOjMwMDAwMDAwMDAwMCwidXBkYXRlIjoxODAwMDAwMDAwMDAwfX0=",
          "dependencies": [
            "data.azurerm_client_config.current",
            "data.azurerm_subscription.primary"
          ]
        }
      ]
    },
    {
      "mode": "managed",
      "type": "azurerm_storage_account",
      "name": "sa",
      "provider": "provider[\"registry.terraform.io/hashicorp/azurerm\"]",
      "instances": [
        {
          "schema_version": 2,
          "attributes": {
            "access_tier": "Hot",
            "account_kind": "StorageV2",
            "account_replication_type": "LRS",
            "account_tier": "Standard",
            "allow_blob_public_access": false,
            "azure_files_authentication": [],
            "blob_properties": [
              {
                "change_feed_enabled": false,
                "container_delete_retention_policy": [],
                "cors_rule": [],
                "default_service_version": "",
                "delete_retention_policy": [],
                "last_access_time_enabled": false,
                "versioning_enabled": false
              }
            ],
            "custom_domain": [],
            "enable_https_traffic_only": true,
            "id": "/subscriptions/b3ad533a-7660-4693-aecf-08c4492e2565/resourceGroups/guestplayerResourceGroup/providers/Microsoft.Storage/storageAccounts/guestplayer",
            "identity": [],
            "is_hns_enabled": false,
            "large_file_share_enabled": null,
            "location": "uksouth",
            "min_tls_version": "TLS1_0",
            "name": "guestplayer",
            "network_rules": [
              {
                "bypass": [
                  "AzureServices"
                ],
                "default_action": "Allow",
                "ip_rules": [],
                "private_link_access": [],
                "virtual_network_subnet_ids": []
              }
            ],
            "nfsv3_enabled": false,
            "primary_access_key": "1VYzGvNDCSyNScSdp8r55TiVZNF90VdbZThaz5K9Dra6yRJJT5sxiQWQoJk4VrtSUpuUADSSoVmpJLX0zv/e7A==",
            "primary_blob_connection_string": "DefaultEndpointsProtocol=https;BlobEndpoint=https://guestplayer.blob.core.windows.net/;AccountName=guestplayer;AccountKey=1VYzGvNDCSyNScSdp8r55TiVZNF90VdbZThaz5K9Dra6yRJJT5sxiQWQoJk4VrtSUpuUADSSoVmpJLX0zv/e7A==",
            "primary_blob_endpoint": "https://guestplayer.blob.core.windows.net/",
            "primary_blob_host": "guestplayer.blob.core.windows.net",
            "primary_connection_string": "DefaultEndpointsProtocol=https;AccountName=guestplayer;AccountKey=1VYzGvNDCSyNScSdp8r55TiVZNF90VdbZThaz5K9Dra6yRJJT5sxiQWQoJk4VrtSUpuUADSSoVmpJLX0zv/e7A==;EndpointSuffix=core.windows.net",
            "primary_dfs_endpoint": "https://guestplayer.dfs.core.windows.net/",
            "primary_dfs_host": "guestplayer.dfs.core.windows.net",
            "primary_file_endpoint": "https://guestplayer.file.core.windows.net/",
            "primary_file_host": "guestplayer.file.core.windows.net",
            "primary_location": "uksouth",
            "primary_queue_endpoint": "https://guestplayer.queue.core.windows.net/",
            "primary_queue_host": "guestplayer.queue.core.windows.net",
            "primary_table_endpoint": "https://guestplayer.table.core.windows.net/",
            "primary_table_host": "guestplayer.table.core.windows.net",
            "primary_web_endpoint": "https://guestplayer.z33.web.core.windows.net/",
            "primary_web_host": "guestplayer.z33.web.core.windows.net",
            "queue_properties": [
              {
                "cors_rule": [],
                "hour_metrics": [
                  {
                    "enabled": true,
                    "include_apis": true,
                    "retention_policy_days": 7,
                    "version": "1.0"
                  }
                ],
                "logging": [
                  {
                    "delete": false,
                    "read": false,
                    "retention_policy_days": 0,
                    "version": "1.0",
                    "write": false
                  }
                ],
                "minute_metrics": [
                  {
                    "enabled": false,
                    "include_apis": false,
                    "retention_policy_days": 0,
                    "version": "1.0"
                  }
                ]
              }
            ],
            "resource_group_name": "guestplayerResourceGroup",
            "routing": [],
            "secondary_access_key": "SoaQBZkGJBi2EgvQjJGEWbK6S/4Jkg+8O+Ig+kvKu1JaHcJ6FlzEvL+YnQvKrjR4q1teQr+/EM8NdCu5dAgciw==",
            "secondary_blob_connection_string": "",
            "secondary_blob_endpoint": null,
            "secondary_blob_host": null,
            "secondary_connection_string": "DefaultEndpointsProtocol=https;AccountName=guestplayer;AccountKey=SoaQBZkGJBi2EgvQjJGEWbK6S/4Jkg+8O+Ig+kvKu1JaHcJ6FlzEvL+YnQvKrjR4q1teQr+/EM8NdCu5dAgciw==;EndpointSuffix=core.windows.net",
            "secondary_dfs_endpoint": null,
            "secondary_dfs_host": null,
            "secondary_file_endpoint": null,
            "secondary_file_host": null,
            "secondary_location": "",
            "secondary_queue_endpoint": null,
            "secondary_queue_host": null,
            "secondary_table_endpoint": null,
            "secondary_table_host": null,
            "secondary_web_endpoint": null,
            "secondary_web_host": null,
            "static_website": [
              {
                "error_404_document": "",
                "index_document": "index.html"
              }
            ],
            "tags": {},
            "timeouts": null
          },
          "sensitive_attributes": [],
          "private": "eyJlMmJmYjczMC1lY2FhLTExZTYtOGY4OC0zNDM2M2JjN2M0YzAiOnsiY3JlYXRlIjozNjAwMDAwMDAwMDAwLCJkZWxldGUiOjM2MDAwMDAwMDAwMDAsInJlYWQiOjMwMDAwMDAwMDAwMCwidXBkYXRlIjozNjAwMDAwMDAwMDAwfSwic2NoZW1hX3ZlcnNpb24iOiIyIn0=",
          "dependencies": [
            "azurerm_resource_group.rg"
          ]
        }
      ]
    },
    {
      "mode": "managed",
      "type": "azurerm_subnet",
      "name": "subnet",
      "provider": "provider[\"registry.terraform.io/hashicorp/azurerm\"]",
      "instances": [
        {
          "schema_version": 0,
          "attributes": {
            "address_prefix": "10.0.1.0/24",
            "address_prefixes": [
              "10.0.1.0/24"
            ],
            "delegation": [],
            "enforce_private_link_endpoint_network_policies": false,
            "enforce_private_link_service_network_policies": false,
            "id": "/subscriptions/b3ad533a-7660-4693-aecf-08c4492e2565/resourceGroups/guestplayerResourceGroup/providers/Microsoft.Network/virtualNetworks/example-network/subnets/myTFSubnet",
            "name": "myTFSubnet",
            "resource_group_name": "guestplayerResourceGroup",
            "service_endpoint_policy_ids": [],
            "service_endpoints": [],
            "timeouts": null,
            "virtual_network_name": "example-network"
          },
          "sensitive_attributes": [],
          "private": "eyJlMmJmYjczMC1lY2FhLTExZTYtOGY4OC0zNDM2M2JjN2M0YzAiOnsiY3JlYXRlIjoxODAwMDAwMDAwMDAwLCJkZWxldGUiOjE4MDAwMDAwMDAwMDAsInJlYWQiOjMwMDAwMDAwMDAwMCwidXBkYXRlIjoxODAwMDAwMDAwMDAwfX0=",
          "dependencies": [
            "azurerm_virtual_network.vnet",
            "azurerm_resource_group.rg"
          ]
        }
      ]
    },
    {
      "mode": "managed",
      "type": "azurerm_virtual_network",
      "name": "vnet",
      "provider": "provider[\"registry.terraform.io/hashicorp/azurerm\"]",
      "instances": [
        {
          "schema_version": 0,
          "attributes": {
            "address_space": [
              "10.0.0.0/16"
            ],
            "bgp_community": "",
            "ddos_protection_plan": [],
            "dns_servers": [],
            "guid": "15001a77-79a4-497c-bb3a-db874d6e11ed",
            "id": "/subscriptions/b3ad533a-7660-4693-aecf-08c4492e2565/resourceGroups/guestplayerResourceGroup/providers/Microsoft.Network/virtualNetworks/example-network",
            "location": "uksouth",
            "name": "example-network",
            "resource_group_name": "guestplayerResourceGroup",
            "subnet": [
              {
                "address_prefix": "10.0.1.0/24",
                "id": "/subscriptions/b3ad533a-7660-4693-aecf-08c4492e2565/resourceGroups/guestplayerResourceGroup/providers/Microsoft.Network/virtualNetworks/example-network/subnets/myTFSubnet",
                "name": "myTFSubnet",
                "security_group": ""
              }
            ],
            "tags": {},
            "timeouts": null,
            "vm_protection_enabled": false
          },
          "sensitive_attributes": [],
          "private": "eyJlMmJmYjczMC1lY2FhLTExZTYtOGY4OC0zNDM2M2JjN2M0YzAiOnsiY3JlYXRlIjoxODAwMDAwMDAwMDAwLCJkZWxldGUiOjE4MDAwMDAwMDAwMDAsInJlYWQiOjMwMDAwMDAwMDAwMCwidXBkYXRlIjoxODAwMDAwMDAwMDAwfX0=",
          "dependencies": [
            "azurerm_resource_group.rg"
          ]
        }
      ]
    },
    {
      "mode": "managed",
      "type": "azurerm_windows_virtual_machine",
      "name": "vm",
      "provider": "provider[\"registry.terraform.io/hashicorp/azurerm\"]",
      "instances": [
        {
          "schema_version": 0,
          "attributes": {
            "additional_capabilities": [],
            "additional_unattend_content": [],
            "admin_password": "Password1@!",
            "admin_username": "cameront",
            "allow_extension_operations": true,
            "availability_set_id": "",
            "boot_diagnostics": [],
            "computer_name": "guestPlayerVm",
            "custom_data": null,
            "dedicated_host_id": "",
            "enable_automatic_updates": true,
            "encryption_at_host_enabled": false,
            "eviction_policy": "",
            "extensions_time_budget": "PT1H30M",
            "id": "/subscriptions/b3ad533a-7660-4693-aecf-08c4492e2565/resourceGroups/guestplayerResourceGroup/providers/Microsoft.Compute/virtualMachines/guestPlayerVm",
            "identity": [
              {
                "identity_ids": [],
                "principal_id": "40588b13-6edc-464c-8cc3-e4a75a558e67",
                "tenant_id": "e0cda0d7-ce87-4496-967e-b0e07372ce02",
                "type": "SystemAssigned"
              }
            ],
            "license_type": "",
            "location": "uksouth",
            "max_bid_price": -1,
            "name": "guestPlayerVm",
            "network_interface_ids": [
              "/subscriptions/b3ad533a-7660-4693-aecf-08c4492e2565/resourceGroups/guestplayerResourceGroup/providers/Microsoft.Network/networkInterfaces/geustPlayerVmNic"
            ],
            "os_disk": [
              {
                "caching": "ReadWrite",
                "diff_disk_settings": [],
                "disk_encryption_set_id": "",
                "disk_size_gb": 127,
                "name": "guestPlayerVm_disk1_5ab27480555f4fcf895823d8e374ff4e",
                "storage_account_type": "StandardSSD_LRS",
                "write_accelerator_enabled": false
              }
            ],
            "patch_mode": "AutomaticByOS",
            "plan": [],
            "platform_fault_domain": -1,
            "priority": "Regular",
            "private_ip_address": "10.0.1.4",
            "private_ip_addresses": [
              "10.0.1.4"
            ],
            "provision_vm_agent": true,
            "proximity_placement_group_id": "",
            "public_ip_address": "20.90.84.63",
            "public_ip_addresses": [
              "20.90.84.63"
            ],
            "resource_group_name": "guestplayerResourceGroup",
            "secret": [],
            "size": "Standard_B1s",
            "source_image_id": "/subscriptions/b3ad533a-7660-4693-aecf-08c4492e2565/resourceGroups/guestplayerResourceGroup/providers/Microsoft.Compute/images/iis-webdeploy-2",
            "source_image_reference": [],
            "tags": {},
            "timeouts": null,
            "timezone": "",
            "virtual_machine_id": "1ec5860f-a64b-49b2-b850-ed99af1d6be8",
            "virtual_machine_scale_set_id": "",
            "winrm_listener": [],
            "zone": ""
          },
          "sensitive_attributes": [],
          "private": "eyJlMmJmYjczMC1lY2FhLTExZTYtOGY4OC0zNDM2M2JjN2M0YzAiOnsiY3JlYXRlIjoyNzAwMDAwMDAwMDAwLCJkZWxldGUiOjI3MDAwMDAwMDAwMDAsInJlYWQiOjMwMDAwMDAwMDAwMCwidXBkYXRlIjoyNzAwMDAwMDAwMDAwfX0=",
          "dependencies": [
            "azurerm_public_ip.publicip",
            "azurerm_resource_group.rg",
            "azurerm_subnet.subnet",
            "azurerm_virtual_network.vnet",
            "azurerm_network_interface.nic"
          ]
        }
      ]
    }
  ]
}
